
Microsoft Visual Studio Solution File, Format Version 12.00
# Visual Studio Version 17
VisualStudioVersion = 17.12.35707.178 d17.12
MinimumVisualStudioVersion = 10.0.40219.1
Project("{FAE04EC0-301F-11D3-BF4B-00C04F79EFBC}") = "Traingle1", "Traingle1\Traingle1.csproj", "{81A996EE-A940-4F93-B990-BF0F0753984C}"
EndProject
Project("{FAE04EC0-301F-11D3-BF4B-00C04F79EFBC}") = "MutantTraingle", "MutantTraingle\MutantTraingle.csproj", "{2E4952AD-3744-49A0-9ED0-50368E224F02}"
EndProject
Global
	GlobalSection(SolutionConfigurationPlatforms) = preSolution
		Debug|Any CPU = Debug|Any CPU
		Release|Any CPU = Release|Any CPU
	EndGlobalSection
	GlobalSection(ProjectConfigurationPlatforms) = postSolution
		{81A996EE-A940-4F93-B990-BF0F0753984C}.Debug|Any CPU.ActiveCfg = Debug|Any CPU
		{81A996EE-A940-4F93-B990-BF0F0753984C}.Debug|Any CPU.Build.0 = Debug|Any CPU
		{81A996EE-A940-4F93-B990-BF0F0753984C}.Release|Any CPU.ActiveCfg = Release|Any CPU
		{81A996EE-A940-4F93-B990-BF0F0753984C}.Release|Any CPU.Build.0 = Release|Any CPU
		{2E4952AD-3744-49A0-9ED0-50368E224F02}.Debug|Any CPU.ActiveCfg = Debug|Any CPU
		{2E4952AD-3744-49A0-9ED0-50368E224F02}.Debug|Any CPU.Build.0 = Debug|Any CPU
		{2E4952AD-3744-49A0-9ED0-50368E224F02}.Release|Any CPU.ActiveCfg = Release|Any CPU
		{2E4952AD-3744-49A0-9ED0-50368E224F02}.Release|Any CPU.Build.0 = Release|Any CPU
	EndGlobalSection
	GlobalSection(SolutionProperties) = preSolution
		HideSolutionNode = FALSE
	EndGlobalSection
EndGlobal
